
Microsoft Visual Studio Solution File, Format Version 12.00
# Visual Studio 15
VisualStudioVersion = 15.0.28307.1433
MinimumVisualStudioVersion = 10.0.40219.1
Project("{8BC9CEB8-8B4A-11D0-8D11-00A0C91BC942}") = "U2NetCPP_VS", "U2NetCPP_VS\U2NetCPP_VS.vcxproj", "{A4F971DD-130A-4114-97E5-C74606F8DDA3}"
EndProject
Global
	GlobalSection(SolutionConfigurationPlatforms) = preSolution
		Debug|x64 = Debug|x64
		Debug|x86 = Debug|x86
		Release|x64 = Release|x64
		Release|x86 = Release|x86
	EndGlobalSection
	GlobalSection(ProjectConfigurationPlatforms) = postSolution
		{A4F971DD-130A-4114-97E5-C74606F8DDA3}.Debug|x64.ActiveCfg = Debug|x64
		{A4F971DD-130A-4114-97E5-C74606F8DDA3}.Debug|x64.Build.0 = Debug|x64
		{A4F971DD-130A-4114-97E5-C74606F8DDA3}.Debug|x86.ActiveCfg = Debug|Win32
		{A4F971DD-130A-4114-97E5-C74606F8DDA3}.Debug|x86.Build.0 = Debug|Win32
		{A4F971DD-130A-4114-97E5-C74606F8DDA3}.Release|x64.ActiveCfg = Release|x64
		{A4F971DD-130A-4114-97E5-C74606F8DDA3}.Release|x64.Build.0 = Release|x64
		{A4F971DD-130A-4114-97E5-C74606F8DDA3}.Release|x86.ActiveCfg = Release|Win32
		{A4F971DD-130A-4114-97E5-C74606F8DDA3}.Release|x86.Build.0 = Release|Win32
	EndGlobalSection
	GlobalSection(SolutionProperties) = preSolution
		HideSolutionNode = FALSE
	EndGlobalSection
	GlobalSection(ExtensibilityGlobals) = postSolution
		SolutionGuid = {90937A90-1081-4FE5-99FC-5D1467930E5C}
	EndGlobalSection
EndGlobal
